
Microsoft Visual Studio Solution File, Format Version 12.00
# Visual Studio Version 17
VisualStudioVersion = 17.7.34003.232
MinimumVisualStudioVersion = 10.0.40219.1
Project("{FAE04EC0-301F-11D3-BF4B-00C04F79EFBC}") = "Cultris II.Android", "Cultris II.Android\Cultris II.Android.csproj", "{FAFA1CB0-F52C-4FB4-97E8-E16D35BA984B}"
EndProject
Project("{FAE04EC0-301F-11D3-BF4B-00C04F79EFBC}") = "Cultris II", "Cultris II\Cultris II.csproj", "{D56CFDC7-2FDC-4958-9F2E-6AAAA92705B6}"
EndProject
Global
	GlobalSection(SolutionConfigurationPlatforms) = preSolution
		Debug|Any CPU = Debug|Any CPU
		Release|Any CPU = Release|Any CPU
	EndGlobalSection
	GlobalSection(ProjectConfigurationPlatforms) = postSolution
		{FAFA1CB0-F52C-4FB4-97E8-E16D35BA984B}.Debug|Any CPU.ActiveCfg = Debug|Any CPU
		{FAFA1CB0-F52C-4FB4-97E8-E16D35BA984B}.Debug|Any CPU.Build.0 = Debug|Any CPU
		{FAFA1CB0-F52C-4FB4-97E8-E16D35BA984B}.Debug|Any CPU.Deploy.0 = Debug|Any CPU
		{FAFA1CB0-F52C-4FB4-97E8-E16D35BA984B}.Release|Any CPU.ActiveCfg = Release|Any CPU
		{FAFA1CB0-F52C-4FB4-97E8-E16D35BA984B}.Release|Any CPU.Build.0 = Release|Any CPU
		{FAFA1CB0-F52C-4FB4-97E8-E16D35BA984B}.Release|Any CPU.Deploy.0 = Release|Any CPU
		{D56CFDC7-2FDC-4958-9F2E-6AAAA92705B6}.Debug|Any CPU.ActiveCfg = Debug|Any CPU
		{D56CFDC7-2FDC-4958-9F2E-6AAAA92705B6}.Debug|Any CPU.Build.0 = Debug|Any CPU
		{D56CFDC7-2FDC-4958-9F2E-6AAAA92705B6}.Debug|Any CPU.Deploy.0 = Debug|Any CPU
		{D56CFDC7-2FDC-4958-9F2E-6AAAA92705B6}.Release|Any CPU.ActiveCfg = Release|Any CPU
		{D56CFDC7-2FDC-4958-9F2E-6AAAA92705B6}.Release|Any CPU.Build.0 = Release|Any CPU
		{D56CFDC7-2FDC-4958-9F2E-6AAAA92705B6}.Release|Any CPU.Deploy.0 = Release|Any CPU
	EndGlobalSection
	GlobalSection(SolutionProperties) = preSolution
		HideSolutionNode = FALSE
	EndGlobalSection
	GlobalSection(ExtensibilityGlobals) = postSolution
		SolutionGuid = {4DC9D2AA-7E11-43F3-B8EE-4BC326F14007}
	EndGlobalSection
EndGlobal
